
Microsoft Visual Studio Solution File, Format Version 12.00
# Visual Studio Version 17
VisualStudioVersion = 17.13.35825.156 d17.13
MinimumVisualStudioVersion = 10.0.40219.1
Project("{FAE04EC0-301F-11D3-BF4B-00C04F79EFBC}") = "Game", "Game\Game.csproj", "{1CE56EB5-CC4F-43E4-AFB5-35FB2BAD0948}"
EndProject
Global
	GlobalSection(SolutionConfigurationPlatforms) = preSolution
		Debug|Any CPU = Debug|Any CPU
		Release|Any CPU = Release|Any CPU
	EndGlobalSection
	GlobalSection(ProjectConfigurationPlatforms) = postSolution
		{1CE56EB5-CC4F-43E4-AFB5-35FB2BAD0948}.Debug|Any CPU.ActiveCfg = Debug|Any CPU
		{1CE56EB5-CC4F-43E4-AFB5-35FB2BAD0948}.Debug|Any CPU.Build.0 = Debug|Any CPU
		{1CE56EB5-CC4F-43E4-AFB5-35FB2BAD0948}.Release|Any CPU.ActiveCfg = Release|Any CPU
		{1CE56EB5-CC4F-43E4-AFB5-35FB2BAD0948}.Release|Any CPU.Build.0 = Release|Any CPU
	EndGlobalSection
	GlobalSection(SolutionProperties) = preSolution
		HideSolutionNode = FALSE
	EndGlobalSection
	GlobalSection(ExtensibilityGlobals) = postSolution
		SolutionGuid = {892BB7BA-3E5B-486A-A692-6041EF7F0DC3}
	EndGlobalSection
EndGlobal
